# This file was autogenerated by Stack.
# You should not edit this file by hand.
# For more information, please see the documentation at:
#   https://docs.haskellstack.org/en/stable/lock_files

packages:
- completed:
    hackage: dependent-map-0.4.0.0@sha256:ca2b131046f4340a1c35d138c5a003fe4a5be96b14efc26291ed35fd08c62221,1657
    pantry-tree:
      size: 551
      sha256: 5defa30010904d2ad05a036f3eaf83793506717c93cbeb599f40db1a3632cfc5
  original:
    hackage: dependent-map-0.4.0.0@sha256:ca2b131046f4340a1c35d138c5a003fe4a5be96b14efc26291ed35fd08c62221,1657
- completed:
    hackage: dependent-sum-0.7.1.0@sha256:0e419237f5b86da3659772afff9cab355c0f8d5b3fdb15a5b30e673d8dc83941,2147
    pantry-tree:
      size: 290
      sha256: 009601e5d33e835c7a384e240c5c6ad12643bce9c54b2a0b07201daee3380e51
  original:
    hackage: dependent-sum-0.7.1.0@sha256:0e419237f5b86da3659772afff9cab355c0f8d5b3fdb15a5b30e673d8dc83941,2147
- completed:
    hackage: some-1.0.2@sha256:3d460998df32ad7b93bf55657aeae988d97070155e71718b4bc75d0997ce9d62,2244
    pantry-tree:
      size: 708
      sha256: 119b67a712f8ba938383969b629cb3d489eacd10f9525346e19867ea0eb1be98
  original:
    hackage: some-1.0.2@sha256:3d460998df32ad7b93bf55657aeae988d97070155e71718b4bc75d0997ce9d62,2244
snapshots:
- completed:
    size: 609534
    url: https://raw.githubusercontent.com/commercialhaskell/stackage-snapshots/master/nightly/2021/12/8.yaml
    sha256: 4cdabfc8979b965a4d937356f316ae38d817a7a3fcbd35e1b125d73fb7045186
  original: nightly-2021-12-08
